{
  "name": "shoutbot",
  "lockfileVersion": 3,
  "requires": true,
  "packages": {
    "": {
      "dependencies": {
        "@pestras/eq": "^1.0.3"
      }
    },
    "node_modules/@pestras/eq": {
      "version": "1.0.3",
      "resolved": "https://registry.npmjs.org/@pestras/eq/-/eq-1.0.3.tgz",
      "integrity": "sha512-kBo4mXmcZduQSGI6cJxpRGXd8aXI6/yv9bdbq2N+rGDBp6+BP1IlX/3/VWWRwigP1rwsDDQDwfBm/cpdqFDNGQ=="
    }
  }
}
